<Solution>
  <Folder Name="/.build/">
    <File Path=".editorconfig" />
    <File Path=".gitignore" />
    <File Path="paket.dependencies" />
    <File Path="paket.lock" />
    <File Path="README.md" />
  </Folder>
  <Project Path="Pinicola.HotKeys.Sandbox/Pinicola.HotKeys.Sandbox.csproj" />
  <Project Path="Pinicola.HotKeys/Pinicola.HotKeys.csproj" />
</Solution>